
Microsoft Visual Studio Solution File, Format Version 12.00
# Visual Studio Version 17
VisualStudioVersion = 17.1.32407.343
MinimumVisualStudioVersion = 10.0.40219.1
Project("{FAE04EC0-301F-11D3-BF4B-00C04F79EFBC}") = "WebAPIParking", "WebAPIParking\WebAPIParking.csproj", "{C4649D1A-CC52-4031-A4A4-BB28C6C23D64}"
EndProject
Global
	GlobalSection(SolutionConfigurationPlatforms) = preSolution
		Debug|Any CPU = Debug|Any CPU
		Release|Any CPU = Release|Any CPU
	EndGlobalSection
	GlobalSection(ProjectConfigurationPlatforms) = postSolution
		{C4649D1A-CC52-4031-A4A4-BB28C6C23D64}.Debug|Any CPU.ActiveCfg = Debug|Any CPU
		{C4649D1A-CC52-4031-A4A4-BB28C6C23D64}.Debug|Any CPU.Build.0 = Debug|Any CPU
		{C4649D1A-CC52-4031-A4A4-BB28C6C23D64}.Release|Any CPU.ActiveCfg = Release|Any CPU
		{C4649D1A-CC52-4031-A4A4-BB28C6C23D64}.Release|Any CPU.Build.0 = Release|Any CPU
	EndGlobalSection
	GlobalSection(SolutionProperties) = preSolution
		HideSolutionNode = FALSE
	EndGlobalSection
	GlobalSection(ExtensibilityGlobals) = postSolution
		SolutionGuid = {B0E355FF-089F-4CA4-9EEB-8E808FDDA49F}
	EndGlobalSection
EndGlobal
